
Microsoft Visual Studio Solution File, Format Version 12.00
# Visual Studio Version 16
VisualStudioVersion = 16.0.30413.136
MinimumVisualStudioVersion = 10.0.40219.1
Project("{FAE04EC0-301F-11D3-BF4B-00C04F79EFBC}") = "ManagerCenter.Shared", "ManagerCenter.Shared\ManagerCenter.Shared.csproj", "{A73CF226-28E3-4A84-BBDB-A1D84AFD9377}"
EndProject
Project("{FAE04EC0-301F-11D3-BF4B-00C04F79EFBC}") = "ManagerCenter.UserManager.Abstractions", "ManagerCenter.UserManager.Abstractions\ManagerCenter.UserManager.Abstractions.csproj", "{5D2236F4-134D-4B25-89D7-75A6111018EF}"
EndProject
Project("{FAE04EC0-301F-11D3-BF4B-00C04F79EFBC}") = "ManagerCenter.UserManager.EntityFrameworkCore", "ManagerCenter.UserManager.EntityFrameworkCore\ManagerCenter.UserManager.EntityFrameworkCore.csproj", "{643563EC-55A0-4FE5-855D-6028937BD8E2}"
EndProject
Project("{FAE04EC0-301F-11D3-BF4B-00C04F79EFBC}") = "ManagerCenter.WebApi", "ManagerCenter.WebApi\ManagerCenter.WebApi.csproj", "{D6E395F4-B16E-4246-BD41-3E83592B91EF}"
EndProject
Global
	GlobalSection(SolutionConfigurationPlatforms) = preSolution
		Debug|Any CPU = Debug|Any CPU
		Release|Any CPU = Release|Any CPU
	EndGlobalSection
	GlobalSection(ProjectConfigurationPlatforms) = postSolution
		{A73CF226-28E3-4A84-BBDB-A1D84AFD9377}.Debug|Any CPU.ActiveCfg = Debug|Any CPU
		{A73CF226-28E3-4A84-BBDB-A1D84AFD9377}.Debug|Any CPU.Build.0 = Debug|Any CPU
		{A73CF226-28E3-4A84-BBDB-A1D84AFD9377}.Release|Any CPU.ActiveCfg = Release|Any CPU
		{A73CF226-28E3-4A84-BBDB-A1D84AFD9377}.Release|Any CPU.Build.0 = Release|Any CPU
		{5D2236F4-134D-4B25-89D7-75A6111018EF}.Debug|Any CPU.ActiveCfg = Debug|Any CPU
		{5D2236F4-134D-4B25-89D7-75A6111018EF}.Debug|Any CPU.Build.0 = Debug|Any CPU
		{5D2236F4-134D-4B25-89D7-75A6111018EF}.Release|Any CPU.ActiveCfg = Release|Any CPU
		{5D2236F4-134D-4B25-89D7-75A6111018EF}.Release|Any CPU.Build.0 = Release|Any CPU
		{643563EC-55A0-4FE5-855D-6028937BD8E2}.Debug|Any CPU.ActiveCfg = Debug|Any CPU
		{643563EC-55A0-4FE5-855D-6028937BD8E2}.Debug|Any CPU.Build.0 = Debug|Any CPU
		{643563EC-55A0-4FE5-855D-6028937BD8E2}.Release|Any CPU.ActiveCfg = Release|Any CPU
		{643563EC-55A0-4FE5-855D-6028937BD8E2}.Release|Any CPU.Build.0 = Release|Any CPU
		{D6E395F4-B16E-4246-BD41-3E83592B91EF}.Debug|Any CPU.ActiveCfg = Debug|Any CPU
		{D6E395F4-B16E-4246-BD41-3E83592B91EF}.Debug|Any CPU.Build.0 = Debug|Any CPU
		{D6E395F4-B16E-4246-BD41-3E83592B91EF}.Release|Any CPU.ActiveCfg = Release|Any CPU
		{D6E395F4-B16E-4246-BD41-3E83592B91EF}.Release|Any CPU.Build.0 = Release|Any CPU
	EndGlobalSection
	GlobalSection(SolutionProperties) = preSolution
		HideSolutionNode = FALSE
	EndGlobalSection
	GlobalSection(ExtensibilityGlobals) = postSolution
		SolutionGuid = {C131253E-9FFF-4557-B608-45C3BCE61924}
	EndGlobalSection
EndGlobal
